
Microsoft Visual Studio Solution File, Format Version 12.00
# Visual Studio Version 17
VisualStudioVersion = 17.1.32414.318
MinimumVisualStudioVersion = 10.0.40219.1
Project("{FAE04EC0-301F-11D3-BF4B-00C04F79EFBC}") = "InMemory", "InMemory\InMemory.csproj", "{7C7CA599-52E6-43C3-ADA2-6EFD71CF7924}"
EndProject
Project("{FAE04EC0-301F-11D3-BF4B-00C04F79EFBC}") = "DistributedCacheRedis", "DistributedCacheRedis\DistributedCacheRedis.csproj", "{2685BCD4-95D5-4E71-BD53-C27F2EE5776C}"
EndProject
Global
	GlobalSection(SolutionConfigurationPlatforms) = preSolution
		Debug|Any CPU = Debug|Any CPU
		Release|Any CPU = Release|Any CPU
	EndGlobalSection
	GlobalSection(ProjectConfigurationPlatforms) = postSolution
		{7C7CA599-52E6-43C3-ADA2-6EFD71CF7924}.Debug|Any CPU.ActiveCfg = Debug|Any CPU
		{7C7CA599-52E6-43C3-ADA2-6EFD71CF7924}.Debug|Any CPU.Build.0 = Debug|Any CPU
		{7C7CA599-52E6-43C3-ADA2-6EFD71CF7924}.Release|Any CPU.ActiveCfg = Release|Any CPU
		{7C7CA599-52E6-43C3-ADA2-6EFD71CF7924}.Release|Any CPU.Build.0 = Release|Any CPU
		{2685BCD4-95D5-4E71-BD53-C27F2EE5776C}.Debug|Any CPU.ActiveCfg = Debug|Any CPU
		{2685BCD4-95D5-4E71-BD53-C27F2EE5776C}.Debug|Any CPU.Build.0 = Debug|Any CPU
		{2685BCD4-95D5-4E71-BD53-C27F2EE5776C}.Release|Any CPU.ActiveCfg = Release|Any CPU
		{2685BCD4-95D5-4E71-BD53-C27F2EE5776C}.Release|Any CPU.Build.0 = Release|Any CPU
	EndGlobalSection
	GlobalSection(SolutionProperties) = preSolution
		HideSolutionNode = FALSE
	EndGlobalSection
	GlobalSection(ExtensibilityGlobals) = postSolution
		SolutionGuid = {C3CEA04C-70E5-4268-AC41-F2D93D3C8609}
	EndGlobalSection
EndGlobal
